
Microsoft Visual Studio Solution File, Format Version 12.00
# Visual Studio Version 17
VisualStudioVersion = 17.4.33122.133
MinimumVisualStudioVersion = 10.0.40219.1
Project("{8BC9CEB8-8B4A-11D0-8D11-00A0C91BC942}") = "practice_221222", "practice_221222.vcxproj", "{AEE2DAB2-DC4E-40CD-9EB4-9200C8B824C5}"
EndProject
Global
	GlobalSection(SolutionConfigurationPlatforms) = preSolution
		Debug|x64 = Debug|x64
		Debug|x86 = Debug|x86
		Release|x64 = Release|x64
		Release|x86 = Release|x86
	EndGlobalSection
	GlobalSection(ProjectConfigurationPlatforms) = postSolution
		{AEE2DAB2-DC4E-40CD-9EB4-9200C8B824C5}.Debug|x64.ActiveCfg = Debug|x64
		{AEE2DAB2-DC4E-40CD-9EB4-9200C8B824C5}.Debug|x64.Build.0 = Debug|x64
		{AEE2DAB2-DC4E-40CD-9EB4-9200C8B824C5}.Debug|x86.ActiveCfg = Debug|Win32
		{AEE2DAB2-DC4E-40CD-9EB4-9200C8B824C5}.Debug|x86.Build.0 = Debug|Win32
		{AEE2DAB2-DC4E-40CD-9EB4-9200C8B824C5}.Release|x64.ActiveCfg = Release|x64
		{AEE2DAB2-DC4E-40CD-9EB4-9200C8B824C5}.Release|x64.Build.0 = Release|x64
		{AEE2DAB2-DC4E-40CD-9EB4-9200C8B824C5}.Release|x86.ActiveCfg = Release|Win32
		{AEE2DAB2-DC4E-40CD-9EB4-9200C8B824C5}.Release|x86.Build.0 = Release|Win32
	EndGlobalSection
	GlobalSection(SolutionProperties) = preSolution
		HideSolutionNode = FALSE
	EndGlobalSection
	GlobalSection(ExtensibilityGlobals) = postSolution
		SolutionGuid = {ED68D8BC-CB5E-46E2-B8A3-0B58B4F3252C}
	EndGlobalSection
EndGlobal
